- url: https://get.helm.sh/helm-v3.10.3-linux-amd64.tar.gz
  sha256: 950439759ece902157cf915b209b8d694e6f675eaab5099fb7894f30eeaee9a2
  timestamp: 2023-01-03 15:48:50+00:00
- url: https://get.helm.sh/helm-v3.10.3-linux-arm.tar.gz
  sha256: dca718eb68c72c51fc7157c4c2ebc8ce7ac79b95fc9355c5427ded99e913ec4c
  timestamp: 2023-01-03 15:48:50+00:00
- url: https://get.helm.sh/helm-v3.10.3-linux-arm64.tar.gz
  sha256: 260cda5ff2ed5d01dd0fd6e7e09bc80126e00d8bdc55f3269d05129e32f6f99d
  timestamp: 2023-01-03 15:48:50+00:00
- url: https://get.helm.sh/helm-v3.9.0-linux-amd64.tar.gz
  sha256: 1484ffb0c7a608d8069470f48b88d729e88c41a1b6602f145231e8ea7b43b50a
  timestamp: 2023-01-12 16:23:31+00:00
- url: https://get.helm.sh/helm-v3.9.0-linux-arm.tar.gz
  sha256: bcdc6c68dacfabeeb6963dc2e6761e2e87026ffd9ea1cde266ee36841e7c6e6a
  timestamp: 2023-01-12 16:23:31+00:00
- url: https://get.helm.sh/helm-v3.9.0-linux-arm64.tar.gz
  sha256: 5c0aa709c5aaeedd190907d70f9012052c1eea7dff94bffe941b879a33873947
  timestamp: 2023-01-12 16:23:31+00:00
- url: https://github.com/bitnami-labs/sealed-secrets/releases/download/v0.19.3/kubeseal-0.19.3-linux-amd64.tar.gz
  sha256: f6c420d38f84008deffd040f0bbc527b08c2b70bdb373ab4e0598f64510af566
  timestamp: 2023-01-03 15:48:50+00:00
- url: https://github.com/istio/istio/releases/download/1.16.1/istio-1.16.1-linux-amd64.tar.gz
  sha256: e5f6efc11c5dde58592478e1976b3c8e7bb9993cf22c57ac8a63003288baafdf
  timestamp: 2023-01-03 15:48:50+00:00
- url: https://github.com/kubernetes-sigs/kustomize/releases/download/kustomize/v4.5.7/kustomize_v4.5.7_linux_amd64.tar.gz
  sha256: 701e3c4bfa14e4c520d481fdf7131f902531bfc002cb5062dcf31263a09c70c9
  timestamp: 2022-12-29 13:14:57+00:00
- url: https://github.com/roboll/helmfile/releases/download/v0.144.0/helmfile_linux_amd64
  sha256: dcf865a715028d3a61e2fec09f2a0beaeb7ff10cde32e096bf94aeb9a6eb4f02
  timestamp: 2022-12-29 13:14:57+00:00
- url: https://github.com/roboll/helmfile/releases/download/v0.144.0/helmfile_linux_arm64
  sha256: 8461bbb13ba23f4333dc99d96bf7a24c283cd7683e746acf639d80bbd828926a
  timestamp: 2022-12-29 13:14:57+00:00
- url: https://github.com/upciti/ops2deb/releases/download/0.36.1/ops2deb_linux_amd64
  sha256: a396c3174141a7c658ae0a7baed366a1dd6e6e2defb009147d8fa9cdd3859ff9
  timestamp: 2023-01-03 15:48:50+00:00
- url: https://storage.googleapis.com/kubernetes-release/release/v1.26.0/bin/linux/amd64/kubectl
  sha256: b6769d8ac6a0ed0f13b307d289dc092ad86180b08f5b5044af152808c04950ae
  timestamp: 2023-01-03 15:48:50+00:00
- url: https://storage.googleapis.com/minikube/releases/v1.28.0/minikube-linux-amd64
  sha256: 58cead5ece9815a61d4be253a07b2385f8cf373d9e1eba5c9783444e4e9e2d8e
  timestamp: 2023-01-03 15:48:50+00:00
