- url: https://github.com/kubernetes-sigs/kustomize/releases/download/kustomize/v4.5.7/kustomize_v4.5.7_linux_amd64.tar.gz
  sha256: 701e3c4bfa14e4c520d481fdf7131f902531bfc002cb5062dcf31263a09c70c9
  timestamp: 2023-03-03 22:48:12+00:00
- url: https://github.com/roboll/helmfile/releases/download/v0.144.0/helmfile_linux_amd64
  sha256: dcf865a715028d3a61e2fec09f2a0beaeb7ff10cde32e096bf94aeb9a6eb4f02
  timestamp: 2023-03-03 22:48:12+00:00
- url: https://github.com/roboll/helmfile/releases/download/v0.144.0/helmfile_linux_arm64
  sha256: 8461bbb13ba23f4333dc99d96bf7a24c283cd7683e746acf639d80bbd828926a
  timestamp: 2023-03-03 22:48:12+00:00
- url: https://github.com/kubernetes-sigs/kustomize/releases/download/kustomize%2Fv5.0.0/kustomize_v5.0.0_linux_amd64.tar.gz
  sha256: 2e8c28a80ce213528251f489db8d2dcbea7c63b986c8f7595a39fc76ff871cd7
  timestamp: 2023-03-03 22:49:02+00:00
- url: https://get.helm.sh/helm-v3.11.2-linux-amd64.tar.gz
  sha256: 781d826daec584f9d50a01f0f7dadfd25a3312217a14aa2fbb85107b014ac8ca
  timestamp: 2023-03-20 14:00:14+00:00
- url: https://get.helm.sh/helm-v3.11.2-linux-arm.tar.gz
  sha256: 444b65100e224beee0a3a3a54cb19dad37388fa9217ab2782ba63551c4a2e128
  timestamp: 2023-03-20 14:00:14+00:00
- url: https://get.helm.sh/helm-v3.11.2-linux-arm64.tar.gz
  sha256: 0a60baac83c3106017666864e664f52a4e16fbd578ac009f9a85456a9241c5db
  timestamp: 2023-03-20 14:00:14+00:00
- url: https://github.com/bitnami-labs/sealed-secrets/releases/download/v0.20.1/kubeseal-0.20.1-linux-amd64.tar.gz
  sha256: b06f77aafddec9b573fdecec6b373d5be2f577d350e456ff55e599f5dd16a3df
  timestamp: 2023-03-20 14:00:14+00:00
- url: https://github.com/istio/istio/releases/download/1.17.1/istio-1.17.1-linux-amd64.tar.gz
  sha256: 69e9d29aba94d5cbb713e02f20e4c686a23cb6f9c2bcd1369d7e9ed579b4d7b9
  timestamp: 2023-03-20 14:00:14+00:00
- url: https://github.com/kubernetes-sigs/kustomize/releases/download/kustomize%2Fv5.0.1/kustomize_v5.0.1_linux_amd64.tar.gz
  sha256: dca623b36aef84fbdf28f79d02e9b3705ff641424ac1f872d5420dadb12fb78d
  timestamp: 2023-03-20 14:00:14+00:00
- url: https://github.com/upciti/ops2deb/releases/download/2.2.1/ops2deb_linux_amd64
  sha256: a1627d92517ce896c8d570d2a3d5a54ca8275249a6b9fb8311f44a7a92cf8a0c
  timestamp: 2023-03-20 14:00:14+00:00
- url: https://storage.googleapis.com/kubernetes-release/release/v1.26.3/bin/linux/amd64/kubectl
  sha256: 026c8412d373064ab0359ed0d1a25c975e9ce803a093d76c8b30c5996ad73e75
  timestamp: 2023-03-20 14:00:14+00:00
- url: https://storage.googleapis.com/minikube/releases/v1.29.0/minikube-linux-amd64
  sha256: aafb65cbee8e971ec00509fdb1817254b17d6bee4890b839c3b6e8f11e97413a
  timestamp: 2023-03-20 14:00:14+00:00
- url: https://get.helm.sh/helm-v3.11.3-linux-amd64.tar.gz
  sha256: ca2d5d40d4cdfb9a3a6205dd803b5bc8def00bd2f13e5526c127e9b667974a89
  timestamp: 2023-04-25 12:44:43+00:00
- url: https://get.helm.sh/helm-v3.11.3-linux-arm.tar.gz
  sha256: 0816db0efd033c78c3cc1c37506967947b01965b9c0739fe13ec2b1eea08f601
  timestamp: 2023-04-25 12:44:43+00:00
- url: https://get.helm.sh/helm-v3.11.3-linux-arm64.tar.gz
  sha256: 9f58e707dcbe9a3b7885c4e24ef57edfb9794490d72705b33a93fa1f3572cce4
  timestamp: 2023-04-25 12:44:43+00:00
- url: https://github.com/bitnami-labs/sealed-secrets/releases/download/v0.20.5/kubeseal-0.20.5-linux-amd64.tar.gz
  sha256: 00de1d33c634af03080ff7c9f409ad1cb00ed863f93e4fb3b5ed1c13572d0069
  timestamp: 2023-04-25 12:44:43+00:00
- url: https://github.com/istio/istio/releases/download/1.17.2/istio-1.17.2-linux-amd64.tar.gz
  sha256: 9e301bf131be05434807623a2d45af6f625c7b159db4f291f5eb12f262259af7
  timestamp: 2023-04-25 12:44:43+00:00
- url: https://github.com/upciti/ops2deb/releases/download/2.4.0/ops2deb_linux_amd64
  sha256: e611e8f85f899d4b55777b4212c6ce4f14f2dbedb1c11a3dd44ee1b63be47d7f
  timestamp: 2023-04-25 12:44:43+00:00
- url: https://storage.googleapis.com/kubernetes-release/release/v1.27.1/bin/linux/amd64/kubectl
  sha256: 7fe3a762d926fb068bae32c399880e946e8caf3d903078bea9b169dcd5c17f6d
  timestamp: 2023-04-25 12:44:43+00:00
- url: https://storage.googleapis.com/minikube/releases/v1.30.1/minikube-linux-amd64
  sha256: e53d9e8c31f4c5f683182f5323d3527aa0725f713945c6d081cf71aa548ab388
  timestamp: 2023-04-25 12:44:43+00:00
